
Microsoft Visual Studio Solution File, Format Version 12.00
# Visual Studio 15
VisualStudioVersion = 15.0.28010.2016
MinimumVisualStudioVersion = 10.0.40219.1
Project("{8BC9CEB8-8B4A-11D0-8D11-00A0C91BC942}") = "Wally OOP Assignment 1", "Wally OOP Assignment 1\Wally OOP Assignment 1.vcxproj", "{433E40AB-22DD-4542-A032-75856307AA07}"
EndProject
Global
	GlobalSection(SolutionConfigurationPlatforms) = preSolution
		Debug|x64 = Debug|x64
		Debug|x86 = Debug|x86
		Release|x64 = Release|x64
		Release|x86 = Release|x86
	EndGlobalSection
	GlobalSection(ProjectConfigurationPlatforms) = postSolution
		{433E40AB-22DD-4542-A032-75856307AA07}.Debug|x64.ActiveCfg = Debug|x64
		{433E40AB-22DD-4542-A032-75856307AA07}.Debug|x64.Build.0 = Debug|x64
		{433E40AB-22DD-4542-A032-75856307AA07}.Debug|x86.ActiveCfg = Debug|Win32
		{433E40AB-22DD-4542-A032-75856307AA07}.Debug|x86.Build.0 = Debug|Win32
		{433E40AB-22DD-4542-A032-75856307AA07}.Release|x64.ActiveCfg = Release|x64
		{433E40AB-22DD-4542-A032-75856307AA07}.Release|x64.Build.0 = Release|x64
		{433E40AB-22DD-4542-A032-75856307AA07}.Release|x86.ActiveCfg = Release|Win32
		{433E40AB-22DD-4542-A032-75856307AA07}.Release|x86.Build.0 = Release|Win32
	EndGlobalSection
	GlobalSection(SolutionProperties) = preSolution
		HideSolutionNode = FALSE
	EndGlobalSection
	GlobalSection(ExtensibilityGlobals) = postSolution
		SolutionGuid = {DC26FCE2-8AE1-4AF4-845C-0DD3EB9CBB13}
	EndGlobalSection
EndGlobal
